// !$*UTF8*$!
{
	archiveVersion = 1;
	classes = {
	};
	objectVersion = 46;
	objects = {

/* Begin PBXBuildFile section */
		2A2C96156DD9BFD223DE756C /* Pods_LSAFN.framework in Frameworks */ = {isa = PBXBuildFile; fileRef = 26B14A86F3A2143ACEAEDE4D /* Pods_LSAFN.framework */; };
		514F2E761DE9C48D00846163 /* AppDelegate.swift in Sources */ = {isa = PBXBuildFile; fileRef = 514F2E751DE9C48D00846163 /* AppDelegate.swift */; };
		514F2E781DE9C48D00846163 /* ViewController.swift in Sources */ = {isa = PBXBuildFile; fileRef = 514F2E771DE9C48D00846163 /* ViewController.swift */; };
		514F2E7B1DE9C48D00846163 /* Main.storyboard in Resources */ = {isa = PBXBuildFile; fileRef = 514F2E791DE9C48D00846163 /* Main.storyboard */; };
		514F2E7D1DE9C48D00846163 /* Assets.xcassets in Resources */ = {isa = PBXBuildFile; fileRef = 514F2E7C1DE9C48D00846163 /* Assets.xcassets */; };
		514F2E801DE9C48D00846163 /* LaunchScreen.storyboard in Resources */ = {isa = PBXBuildFile; fileRef = 514F2E7E1DE9C48D00846163 /* LaunchScreen.storyboard */; };
		514F2E8B1DE9C50700846163 /* LS_AFN.swift in Sources */ = {isa = PBXBuildFile; fileRef = 514F2E8A1DE9C50700846163 /* LS_AFN.swift */; };
/* End PBXBuildFile section */

/* Begin PBXFileReference section */
		26B14A86F3A2143ACEAEDE4D /* Pods_LSAFN.framework */ = {isa = PBXFileReference; explicitFileType = wrapper.framework; includeInIndex = 0; path = Pods_LSAFN.framework; sourceTree = BUILT_PRODUCTS_DIR; };
		3138CD809CA377F610235755 /* Pods-LSAFN.debug.xcconfig */ = {isa = PBXFileReference; includeInIndex = 1; lastKnownFileType = text.xcconfig; name = "Pods-LSAFN.debug.xcconfig"; path = "Pods/Target Support Files/Pods-LSAFN/Pods-LSAFN.debug.xcconfig"; sourceTree = "<group>"; };
		514F2E721DE9C48D00846163 /* LSAFN.app */ = {isa = PBXFileReference; explicitFileType = wrapper.application; includeInIndex = 0; path = LSAFN.app; sourceTree = BUILT_PRODUCTS_DIR; };
		514F2E751DE9C48D00846163 /* AppDelegate.swift */ = {isa = PBXFileReference; lastKnownFileType = sourcecode.swift; path = AppDelegate.swift; sourceTree = "<group>"; };
		514F2E771DE9C48D00846163 /* ViewController.swift */ = {isa = PBXFileReference; lastKnownFileType = sourcecode.swift; path = ViewController.swift; sourceTree = "<group>"; };
		514F2E7A1DE9C48D00846163 /* Base */ = {isa = PBXFileReference; lastKnownFileType = file.storyboard; name = Base; path = Base.lproj/Main.storyboard; sourceTree = "<group>"; };
		514F2E7C1DE9C48D00846163 /* Assets.xcassets */ = {isa = PBXFileReference; lastKnownFileType = folder.assetcatalog; path = Assets.xcassets; sourceTree = "<group>"; };
		514F2E7F1DE9C48D00846163 /* Base */ = {isa = PBXFileReference; lastKnownFileType = file.storyboard; name = Base; path = Base.lproj/LaunchScreen.storyboard; sourceTree = "<group>"; };
		514F2E811DE9C48D00846163 /* Info.plist */ = {isa = PBXFileReference; lastKnownFileType = text.plist.xml; path = Info.plist; sourceTree = "<group>"; };
		514F2E8A1DE9C50700846163 /* LS_AFN.swift */ = {isa = PBXFileReference; fileEncoding = 4; lastKnownFileType = sourcecode.swift; path = LS_AFN.swift; sourceTree = "<group>"; };
		F4988E52D0A1205B4B1987A3 /* Pods-LSAFN.release.xcconfig */ = {isa = PBXFileReference; includeInIndex = 1; lastKnownFileType = text.xcconfig; name = "Pods-LSAFN.release.xcconfig"; path = "Pods/Target Support Files/Pods-LSAFN/Pods-LSAFN.release.xcconfig"; sourceTree = "<group>"; };
/* End PBXFileReference section */

/* Begin PBXFrameworksBuildPhase section */
		514F2E6F1DE9C48D00846163 /* Frameworks */ = {
			isa = PBXFrameworksBuildPhase;
			buildActionMask = 2147483647;
			files = (
				2A2C96156DD9BFD223DE756C /* Pods_LSAFN.framework in Frameworks */,
			);
			runOnlyForDeploymentPostprocessing = 0;
		};
/* End PBXFrameworksBuildPhase section */

/* Begin PBXGroup section */
		09FC6592693EC540E06558B7 /* Pods */ = {
			isa = PBXGroup;
			children = (
				3138CD809CA377F610235755 /* Pods-LSAFN.debug.xcconfig */,
				F4988E52D0A1205B4B1987A3 /* Pods-LSAFN.release.xcconfig */,
			);
			name = Pods;
			sourceTree = "<group>";
		};
		514F2E691DE9C48D00846163 = {
			isa = PBXGroup;
			children = (
				514F2E741DE9C48D00846163 /* LSAFN */,
				514F2E731DE9C48D00846163 /* Products */,
				09FC6592693EC540E06558B7 /* Pods */,
				6448A8088CED811D29AF6591 /* Frameworks */,
			);
			sourceTree = "<group>";
		};
		514F2E731DE9C48D00846163 /* Products */ = {
			isa = PBXGroup;
			children = (
				514F2E721DE9C48D00846163 /* LSAFN.app */,
			);
			name = Products;
			sourceTree = "<group>";
		};
		514F2E741DE9C48D00846163 /* LSAFN */ = {
			isa = PBXGroup;
			children = (
				514F2E891DE9C50700846163 /* LS_AFN */,
				514F2E751DE9C48D00846163 /* AppDelegate.swift */,
				514F2E771DE9C48D00846163 /* ViewController.swift */,
				514F2E791DE9C48D00846163 /* Main.storyboard */,
				514F2E7C1DE9C48D00846163 /* Assets.xcassets */,
				514F2E7E1DE9C48D00846163 /* LaunchScreen.storyboard */,
				514F2E811DE9C48D00846163 /* Info.plist */,
			);
			path = LSAFN;
			sourceTree = "<group>";
		};
		514F2E891DE9C50700846163 /* LS_AFN */ = {
			isa = PBXGroup;
			children = (
				514F2E8A1DE9C50700846163 /* LS_AFN.swift */,
			);
			name = LS_AFN;
			path = JK_AFN;
			sourceTree = "<group>";
		};
		6448A8088CED811D29AF6591 /* Frameworks */ = {
			isa = PBXGroup;
			children = (
				26B14A86F3A2143ACEAEDE4D /* Pods_LSAFN.framework */,
			);
			name = Frameworks;
			sourceTree = "<group>";
		};
/* End PBXGroup section */

/* Begin PBXNativeTarget section */
		514F2E711DE9C48D00846163 /* LSAFN */ = {
			isa = PBXNativeTarget;
			buildConfigurationList = 514F2E841DE9C48D00846163 /* Build configuration list for PBXNativeTarget "LSAFN" */;
			buildPhases = (
				16F2CD78D3DDFF320ECFCCB9 /* [CP] Check Pods Manifest.lock */,
				514F2E6E1DE9C48D00846163 /* Sources */,
				514F2E6F1DE9C48D00846163 /* Frameworks */,
				514F2E701DE9C48D00846163 /* Resources */,
				39BC14A4CFA47896879BBCF3 /* [CP] Embed Pods Frameworks */,
				7358B1547B8A55915E32FA28 /* [CP] Copy Pods Resources */,
			);
			buildRules = (
			);
			dependencies = (
			);
			name = LSAFN;
			productName = LSAFN;
			productReference = 514F2E721DE9C48D00846163 /* LSAFN.app */;
			productType = "com.apple.product-type.application";
		};
/* End PBXNativeTarget section */

/* Begin PBXProject section */
		514F2E6A1DE9C48D00846163 /* Project object */ = {
			isa = PBXProject;
			attributes = {
				LastSwiftUpdateCheck = 0810;
				LastUpgradeCheck = 0810;
				ORGANIZATIONNAME = lsrain;
				TargetAttributes = {
					514F2E711DE9C48D00846163 = {
						CreatedOnToolsVersion = 8.1;
						ProvisioningStyle = Automatic;
					};
				};
			};
			buildConfigurationList = 514F2E6D1DE9C48D00846163 /* Build configuration list for PBXProject "LSAFN" */;
			compatibilityVersion = "Xcode 3.2";
			developmentRegion = English;
			hasScannedForEncodings = 0;
			knownRegions = (
				en,
				Base,
			);
			mainGroup = 514F2E691DE9C48D00846163;
			productRefGroup = 514F2E731DE9C48D00846163 /* Products */;
			projectDirPath = "";
			projectRoot = "";
			targets = (
				514F2E711DE9C48D00846163 /* LSAFN */,
			);
		};
/* End PBXProject section */

/* Begin PBXResourcesBuildPhase section */
		514F2E701DE9C48D00846163 /* Resources */ = {
			isa = PBXResourcesBuildPhase;
			buildActionMask = 2147483647;
			files = (
				514F2E801DE9C48D00846163 /* LaunchScreen.storyboard in Resources */,
				514F2E7D1DE9C48D00846163 /* Assets.xcassets in Resources */,
				514F2E7B1DE9C48D00846163 /* Main.storyboard in Resources */,
			);
			runOnlyForDeploymentPostprocessing = 0;
		};
/* End PBXResourcesBuildPhase section */

/* Begin PBXShellScriptBuildPhase section */
		16F2CD78D3DDFF320ECFCCB9 /* [CP] Check Pods Manifest.lock */ = {
			isa = PBXShellScriptBuildPhase;
			buildActionMask = 2147483647;
			files = (
			);
			inputPaths = (
			);
			name = "[CP] Check Pods Manifest.lock";
			outputPaths = (
			);
			runOnlyForDeploymentPostprocessing = 0;
			shellPath = /bin/sh;
			shellScript = "diff \"${PODS_ROOT}/../Podfile.lock\" \"${PODS_ROOT}/Manifest.lock\" > /dev/null\nif [[ $? != 0 ]] ; then\n    cat << EOM\nerror: The sandbox is not in sync with the Podfile.lock. Run 'pod install' or update your CocoaPods installation.\nEOM\n    exit 1\nfi\n";
			showEnvVarsInLog = 0;
		};
		39BC14A4CFA47896879BBCF3 /* [CP] Embed Pods Frameworks */ = {
			isa = PBXShellScriptBuildPhase;
			buildActionMask = 2147483647;
			files = (
			);
			inputPaths = (
			);
			name = "[CP] Embed Pods Frameworks";
			outputPaths = (
			);
			runOnlyForDeploymentPostprocessing = 0;
			shellPath = /bin/sh;
			shellScript = "\"${SRCROOT}/Pods/Target Support Files/Pods-LSAFN/Pods-LSAFN-frameworks.sh\"\n";
			showEnvVarsInLog = 0;
		};
		7358B1547B8A55915E32FA28 /* [CP] Copy Pods Resources */ = {
			isa = PBXShellScriptBuildPhase;
			buildActionMask = 2147483647;
			files = (
			);
			inputPaths = (
			);
			name = "[CP] Copy Pods Resources";
			outputPaths = (
			);
			runOnlyForDeploymentPostprocessing = 0;
			shellPath = /bin/sh;
			shellScript = "\"${SRCROOT}/Pods/Target Support Files/Pods-LSAFN/Pods-LSAFN-resources.sh\"\n";
			showEnvVarsInLog = 0;
		};
/* End PBXShellScriptBuildPhase section */

/* Begin PBXSourcesBuildPhase section */
		514F2E6E1DE9C48D00846163 /* Sources */ = {
			isa = PBXSourcesBuildPhase;
			buildActionMask = 2147483647;
			files = (
				514F2E781DE9C48D00846163 /* ViewController.swift in Sources */,
				514F2E761DE9C48D00846163 /* AppDelegate.swift in Sources */,
				514F2E8B1DE9C50700846163 /* LS_AFN.swift in Sources */,
			);
			runOnlyForDeploymentPostprocessing = 0;
		};
/* End PBXSourcesBuildPhase section */

/* Begin PBXVariantGroup section */
		514F2E791DE9C48D00846163 /* Main.storyboard */ = {
			isa = PBXVariantGroup;
			children = (
				514F2E7A1DE9C48D00846163 /* Base */,
			);
			name = Main.storyboard;
			sourceTree = "<group>";
		};
		514F2E7E1DE9C48D00846163 /* LaunchScreen.storyboard */ = {
			isa = PBXVariantGroup;
			children = (
				514F2E7F1DE9C48D00846163 /* Base */,
			);
			name = LaunchScreen.storyboard;
			sourceTree = "<group>";
		};
/* End PBXVariantGroup section */

/* Begin XCBuildConfiguration section */
		514F2E821DE9C48D00846163 /* Debug */ = {
			isa = XCBuildConfiguration;
			buildSettings = {
				ALWAYS_SEARCH_USER_PATHS = NO;
				CLANG_ANALYZER_NONNULL = YES;
				CLANG_CXX_LANGUAGE_STANDARD = "gnu++0x";
				CLANG_CXX_LIBRARY = "libc++";
				CLANG_ENABLE_MODULES = YES;
				CLANG_ENABLE_OBJC_ARC = YES;
				CLANG_WARN_BOOL_CONVERSION = YES;
				CLANG_WARN_CONSTANT_CONVERSION = YES;
				CLANG_WARN_DIRECT_OBJC_ISA_USAGE = YES_ERROR;
				CLANG_WARN_DOCUMENTATION_COMMENTS = YES;
				CLANG_WARN_EMPTY_BODY = YES;
				CLANG_WARN_ENUM_CONVERSION = YES;
				CLANG_WARN_INFINITE_RECURSION = YES;
				CLANG_WARN_INT_CONVERSION = YES;
				CLANG_WARN_OBJC_ROOT_CLASS = YES_ERROR;
				CLANG_WARN_SUSPICIOUS_MOVES = YES;
				CLANG_WARN_UNREACHABLE_CODE = YES;
				CLANG_WARN__DUPLICATE_METHOD_MATCH = YES;
				"CODE_SIGN_IDENTITY[sdk=iphoneos*]" = "iPhone Developer";
				COPY_PHASE_STRIP = NO;
				DEBUG_INFORMATION_FORMAT = dwarf;
				ENABLE_STRICT_OBJC_MSGSEND = YES;
				ENABLE_TESTABILITY = YES;
				GCC_C_LANGUAGE_STANDARD = gnu99;
				GCC_DYNAMIC_NO_PIC = NO;
				GCC_NO_COMMON_BLOCKS = YES;
				GCC_OPTIMIZATION_LEVEL = 0;
				GCC_PREPROCESSOR_DEFINITIONS = (
					"DEBUG=1",
					"$(inherited)",
				);
				GCC_WARN_64_TO_32_BIT_CONVERSION = YES;
				GCC_WARN_ABOUT_RETURN_TYPE = YES_ERROR;
				GCC_WARN_UNDECLARED_SELECTOR = YES;
				GCC_WARN_UNINITIALIZED_AUTOS = YES_AGGRESSIVE;
				GCC_WARN_UNUSED_FUNCTION = YES;
				GCC_WARN_UNUSED_VARIABLE = YES;
				IPHONEOS_DEPLOYMENT_TARGET = 10.1;
				MTL_ENABLE_DEBUG_INFO = YES;
				ONLY_ACTIVE_ARCH = YES;
				SDKROOT = iphoneos;
				SWIFT_ACTIVE_COMPILATION_CONDITIONS = DEBUG;
				SWIFT_OPTIMIZATION_LEVEL = "-Onone";
				TARGETED_DEVICE_FAMILY = "1,2";
			};
			name = Debug;
		};
		514F2E831DE9C48D00846163 /* Release */ = {
			isa = XCBuildConfiguration;
			buildSettings = {
				ALWAYS_SEARCH_USER_PATHS = NO;
				CLANG_ANALYZER_NONNULL = YES;
				CLANG_CXX_LANGUAGE_STANDARD = "gnu++0x";
				CLANG_CXX_LIBRARY = "libc++";
				CLANG_ENABLE_MODULES = YES;
				CLANG_ENABLE_OBJC_ARC = YES;
				CLANG_WARN_BOOL_CONVERSION = YES;
				CLANG_WARN_CONSTANT_CONVERSION = YES;
				CLANG_WARN_DIRECT_OBJC_ISA_USAGE = YES_ERROR;
				CLANG_WARN_DOCUMENTATION_COMMENTS = YES;
				CLANG_WARN_EMPTY_BODY = YES;
				CLANG_WARN_ENUM_CONVERSION = YES;
				CLANG_WARN_INFINITE_RECURSION = YES;
				CLANG_WARN_INT_CONVERSION = YES;
				CLANG_WARN_OBJC_ROOT_CLASS = YES_ERROR;
				CLANG_WARN_SUSPICIOUS_MOVES = YES;
				CLANG_WARN_UNREACHABLE_CODE = YES;
				CLANG_WARN__DUPLICATE_METHOD_MATCH = YES;
				"CODE_SIGN_IDENTITY[sdk=iphoneos*]" = "iPhone Developer";
				COPY_PHASE_STRIP = NO;
				DEBUG_INFORMATION_FORMAT = "dwarf-with-dsym";
				ENABLE_NS_ASSERTIONS = NO;
				ENABLE_STRICT_OBJC_MSGSEND = YES;
				GCC_C_LANGUAGE_STANDARD = gnu99;
				GCC_NO_COMMON_BLOCKS = YES;
				GCC_WARN_64_TO_32_BIT_CONVERSION = YES;
				GCC_WARN_ABOUT_RETURN_TYPE = YES_ERROR;
				GCC_WARN_UNDECLARED_SELECTOR = YES;
				GCC_WARN_UNINITIALIZED_AUTOS = YES_AGGRESSIVE;
				GCC_WARN_UNUSED_FUNCTION = YES;
				GCC_WARN_UNUSED_VARIABLE = YES;
				IPHONEOS_DEPLOYMENT_TARGET = 10.1;
				MTL_ENABLE_DEBUG_INFO = NO;
				SDKROOT = iphoneos;
				SWIFT_OPTIMIZATION_LEVEL = "-Owholemodule";
				TARGETED_DEVICE_FAMILY = "1,2";
				VALIDATE_PRODUCT = YES;
			};
			name = Release;
		};
		514F2E851DE9C48D00846163 /* Debug */ = {
			isa = XCBuildConfiguration;
			baseConfigurationReference = 3138CD809CA377F610235755 /* Pods-LSAFN.debug.xcconfig */;
			buildSettings = {
				ASSETCATALOG_COMPILER_APPICON_NAME = AppIcon;
				INFOPLIST_FILE = LSAFN/Info.plist;
				LD_RUNPATH_SEARCH_PATHS = "$(inherited) @executable_path/Frameworks";
				PRODUCT_BUNDLE_IDENTIFIER = com.lsrain.LSAFN;
				PRODUCT_NAME = "$(TARGET_NAME)";
				SWIFT_VERSION = 3.0;
			};
			name = Debug;
		};
		514F2E861DE9C48D00846163 /* Release */ = {
			isa = XCBuildConfiguration;
			baseConfigurationReference = F4988E52D0A1205B4B1987A3 /* Pods-LSAFN.release.xcconfig */;
			buildSettings = {
				ASSETCATALOG_COMPILER_APPICON_NAME = AppIcon;
				INFOPLIST_FILE = LSAFN/Info.plist;
				LD_RUNPATH_SEARCH_PATHS = "$(inherited) @executable_path/Frameworks";
				PRODUCT_BUNDLE_IDENTIFIER = com.lsrain.LSAFN;
				PRODUCT_NAME = "$(TARGET_NAME)";
				SWIFT_VERSION = 3.0;
			};
			name = Release;
		};
/* End XCBuildConfiguration section */

/* Begin XCConfigurationList section */
		514F2E6D1DE9C48D00846163 /* Build configuration list for PBXProject "LSAFN" */ = {
			isa = XCConfigurationList;
			buildConfigurations = (
				514F2E821DE9C48D00846163 /* Debug */,
				514F2E831DE9C48D00846163 /* Release */,
			);
			defaultConfigurationIsVisible = 0;
			defaultConfigurationName = Release;
		};
		514F2E841DE9C48D00846163 /* Build configuration list for PBXNativeTarget "LSAFN" */ = {
			isa = XCConfigurationList;
			buildConfigurations = (
				514F2E851DE9C48D00846163 /* Debug */,
				514F2E861DE9C48D00846163 /* Release */,
			);
			defaultConfigurationIsVisible = 0;
			defaultConfigurationName = Release;
		};
/* End XCConfigurationList section */
	};
	rootObject = 514F2E6A1DE9C48D00846163 /* Project object */;
}
